
Microsoft Visual Studio Solution File, Format Version 12.00
# Visual Studio Version 16
VisualStudioVersion = 16.0.30717.126
MinimumVisualStudioVersion = 10.0.40219.1
Project("{9A19103F-16F7-4668-BE54-9A1E7A4F7556}") = "TruckPlan.Application", "TruckPlan.Application\TruckPlan.Application.csproj", "{15AD3C94-38CA-41CF-A2F2-916EF7091CBA}"
EndProject
Project("{FAE04EC0-301F-11D3-BF4B-00C04F79EFBC}") = "TruckPlan.Domain", "TruckPlan.Domain\TruckPlan.Domain.csproj", "{A82EE538-79BE-4650-8957-8EDF57BF9F2D}"
EndProject
Global
	GlobalSection(SolutionConfigurationPlatforms) = preSolution
		Debug|Any CPU = Debug|Any CPU
		Release|Any CPU = Release|Any CPU
	EndGlobalSection
	GlobalSection(ProjectConfigurationPlatforms) = postSolution
		{15AD3C94-38CA-41CF-A2F2-916EF7091CBA}.Debug|Any CPU.ActiveCfg = Debug|Any CPU
		{15AD3C94-38CA-41CF-A2F2-916EF7091CBA}.Debug|Any CPU.Build.0 = Debug|Any CPU
		{15AD3C94-38CA-41CF-A2F2-916EF7091CBA}.Release|Any CPU.ActiveCfg = Release|Any CPU
		{15AD3C94-38CA-41CF-A2F2-916EF7091CBA}.Release|Any CPU.Build.0 = Release|Any CPU
		{A82EE538-79BE-4650-8957-8EDF57BF9F2D}.Debug|Any CPU.ActiveCfg = Debug|Any CPU
		{A82EE538-79BE-4650-8957-8EDF57BF9F2D}.Debug|Any CPU.Build.0 = Debug|Any CPU
		{A82EE538-79BE-4650-8957-8EDF57BF9F2D}.Release|Any CPU.ActiveCfg = Release|Any CPU
		{A82EE538-79BE-4650-8957-8EDF57BF9F2D}.Release|Any CPU.Build.0 = Release|Any CPU
	EndGlobalSection
	GlobalSection(SolutionProperties) = preSolution
		HideSolutionNode = FALSE
	EndGlobalSection
	GlobalSection(ExtensibilityGlobals) = postSolution
		SolutionGuid = {C5C253F6-470C-42FC-8C19-E12E7611C4C9}
	EndGlobalSection
EndGlobal
